
Microsoft Visual Studio Solution File, Format Version 12.00
Project("{FAE04EC0-301F-11D3-BF4B-00C04F79EFBC}") = "lab08", "lab08\lab08.csproj", "{FC5DD813-71A0-4009-BCD5-F3E1AFDB64C3}"
EndProject
Project("{FAE04EC0-301F-11D3-BF4B-00C04F79EFBC}") = "Desserializer", "Desserializer\Desserializer.csproj", "{5A163B92-411F-47AB-A9FB-7CCECC4E236E}"
EndProject
Global
	GlobalSection(SolutionConfigurationPlatforms) = preSolution
		Debug|Any CPU = Debug|Any CPU
		Release|Any CPU = Release|Any CPU
	EndGlobalSection
	GlobalSection(ProjectConfigurationPlatforms) = postSolution
		{FC5DD813-71A0-4009-BCD5-F3E1AFDB64C3}.Debug|Any CPU.ActiveCfg = Debug|Any CPU
		{FC5DD813-71A0-4009-BCD5-F3E1AFDB64C3}.Debug|Any CPU.Build.0 = Debug|Any CPU
		{FC5DD813-71A0-4009-BCD5-F3E1AFDB64C3}.Release|Any CPU.ActiveCfg = Release|Any CPU
		{FC5DD813-71A0-4009-BCD5-F3E1AFDB64C3}.Release|Any CPU.Build.0 = Release|Any CPU
		{5A163B92-411F-47AB-A9FB-7CCECC4E236E}.Debug|Any CPU.ActiveCfg = Debug|Any CPU
		{5A163B92-411F-47AB-A9FB-7CCECC4E236E}.Debug|Any CPU.Build.0 = Debug|Any CPU
		{5A163B92-411F-47AB-A9FB-7CCECC4E236E}.Release|Any CPU.ActiveCfg = Release|Any CPU
		{5A163B92-411F-47AB-A9FB-7CCECC4E236E}.Release|Any CPU.Build.0 = Release|Any CPU
	EndGlobalSection
EndGlobal
